// !$*UTF8*$!
{
	archiveVersion = 1;
	classes = {
	};
	objectVersion = 48;
	objects = {

/* Begin PBXBuildFile section */
		A50348D821693E8E005BE136 /* AppDelegate.swift in Sources */ = {isa = PBXBuildFile; fileRef = A50348D721693E8E005BE136 /* AppDelegate.swift */; };
		A50348DA21693E8E005BE136 /* ViewController.swift in Sources */ = {isa = PBXBuildFile; fileRef = A50348D921693E8E005BE136 /* ViewController.swift */; };
		A50348DD21693E8F005BE136 /* Main.storyboard in Resources */ = {isa = PBXBuildFile; fileRef = A50348DB21693E8F005BE136 /* Main.storyboard */; };
		A50348DF21693E8F005BE136 /* Assets.xcassets in Resources */ = {isa = PBXBuildFile; fileRef = A50348DE21693E8F005BE136 /* Assets.xcassets */; };
		A50348E221693E8F005BE136 /* LaunchScreen.storyboard in Resources */ = {isa = PBXBuildFile; fileRef = A50348E021693E8F005BE136 /* LaunchScreen.storyboard */; };
		A50348EB21697779005BE136 /* ContainerView.swift in Sources */ = {isa = PBXBuildFile; fileRef = A50348EA21697779005BE136 /* ContainerView.swift */; };
		A534C0A3216DCF7100FD56D4 /* Montserrat-Bold.ttf in Resources */ = {isa = PBXBuildFile; fileRef = A534C0A1216DCF7100FD56D4 /* Montserrat-Bold.ttf */; };
		A534C0A4216DCF7100FD56D4 /* Montserrat-Regular.ttf in Resources */ = {isa = PBXBuildFile; fileRef = A534C0A2216DCF7100FD56D4 /* Montserrat-Regular.ttf */; };
		A534C0A8216DCFE800FD56D4 /* OpenSans-Semibold.ttf in Resources */ = {isa = PBXBuildFile; fileRef = A534C0A5216DCFE700FD56D4 /* OpenSans-Semibold.ttf */; };
		A534C0A9216DCFE800FD56D4 /* OpenSans-Bold.ttf in Resources */ = {isa = PBXBuildFile; fileRef = A534C0A6216DCFE800FD56D4 /* OpenSans-Bold.ttf */; };
		A534C0AA216DCFE800FD56D4 /* OpenSans-Regular.ttf in Resources */ = {isa = PBXBuildFile; fileRef = A534C0A7216DCFE800FD56D4 /* OpenSans-Regular.ttf */; };
		A56337B6216B775D0081D561 /* Extensions.swift in Sources */ = {isa = PBXBuildFile; fileRef = A56337B5216B775D0081D561 /* Extensions.swift */; };
/* End PBXBuildFile section */

/* Begin PBXFileReference section */
		A50348D421693E8E005BE136 /* PrototypeV2.app */ = {isa = PBXFileReference; explicitFileType = wrapper.application; includeInIndex = 0; path = PrototypeV2.app; sourceTree = BUILT_PRODUCTS_DIR; };
		A50348D721693E8E005BE136 /* AppDelegate.swift */ = {isa = PBXFileReference; lastKnownFileType = sourcecode.swift; path = AppDelegate.swift; sourceTree = "<group>"; };
		A50348D921693E8E005BE136 /* ViewController.swift */ = {isa = PBXFileReference; lastKnownFileType = sourcecode.swift; path = ViewController.swift; sourceTree = "<group>"; };
		A50348DC21693E8F005BE136 /* Base */ = {isa = PBXFileReference; lastKnownFileType = file.storyboard; name = Base; path = Base.lproj/Main.storyboard; sourceTree = "<group>"; };
		A50348DE21693E8F005BE136 /* Assets.xcassets */ = {isa = PBXFileReference; lastKnownFileType = folder.assetcatalog; path = Assets.xcassets; sourceTree = "<group>"; };
		A50348E121693E8F005BE136 /* Base */ = {isa = PBXFileReference; lastKnownFileType = file.storyboard; name = Base; path = Base.lproj/LaunchScreen.storyboard; sourceTree = "<group>"; };
		A50348E321693E8F005BE136 /* Info.plist */ = {isa = PBXFileReference; lastKnownFileType = text.plist.xml; path = Info.plist; sourceTree = "<group>"; };
		A50348EA21697779005BE136 /* ContainerView.swift */ = {isa = PBXFileReference; lastKnownFileType = sourcecode.swift; path = ContainerView.swift; sourceTree = "<group>"; };
		A534C0A1216DCF7100FD56D4 /* Montserrat-Bold.ttf */ = {isa = PBXFileReference; lastKnownFileType = file; path = "Montserrat-Bold.ttf"; sourceTree = "<group>"; };
		A534C0A2216DCF7100FD56D4 /* Montserrat-Regular.ttf */ = {isa = PBXFileReference; lastKnownFileType = file; path = "Montserrat-Regular.ttf"; sourceTree = "<group>"; };
		A534C0A5216DCFE700FD56D4 /* OpenSans-Semibold.ttf */ = {isa = PBXFileReference; lastKnownFileType = file; path = "OpenSans-Semibold.ttf"; sourceTree = "<group>"; };
		A534C0A6216DCFE800FD56D4 /* OpenSans-Bold.ttf */ = {isa = PBXFileReference; lastKnownFileType = file; path = "OpenSans-Bold.ttf"; sourceTree = "<group>"; };
		A534C0A7216DCFE800FD56D4 /* OpenSans-Regular.ttf */ = {isa = PBXFileReference; lastKnownFileType = file; path = "OpenSans-Regular.ttf"; sourceTree = "<group>"; };
		A56337B5216B775D0081D561 /* Extensions.swift */ = {isa = PBXFileReference; lastKnownFileType = sourcecode.swift; path = Extensions.swift; sourceTree = "<group>"; };
/* End PBXFileReference section */

/* Begin PBXFrameworksBuildPhase section */
		A50348D121693E8E005BE136 /* Frameworks */ = {
			isa = PBXFrameworksBuildPhase;
			buildActionMask = 2147483647;
			files = (
			);
			runOnlyForDeploymentPostprocessing = 0;
		};
/* End PBXFrameworksBuildPhase section */

/* Begin PBXGroup section */
		A50348CB21693E8E005BE136 = {
			isa = PBXGroup;
			children = (
				A50348D621693E8E005BE136 /* PrototypeV2 */,
				A50348D521693E8E005BE136 /* Products */,
			);
			sourceTree = "<group>";
		};
		A50348D521693E8E005BE136 /* Products */ = {
			isa = PBXGroup;
			children = (
				A50348D421693E8E005BE136 /* PrototypeV2.app */,
			);
			name = Products;
			sourceTree = "<group>";
		};
		A50348D621693E8E005BE136 /* PrototypeV2 */ = {
			isa = PBXGroup;
			children = (
				A534C0A0216DCF6300FD56D4 /* Fonts */,
				A56337B4216B77230081D561 /* Helper */,
				A50348E921697740005BE136 /* View */,
				A50348D721693E8E005BE136 /* AppDelegate.swift */,
				A50348D921693E8E005BE136 /* ViewController.swift */,
				A50348DB21693E8F005BE136 /* Main.storyboard */,
				A50348DE21693E8F005BE136 /* Assets.xcassets */,
				A50348E021693E8F005BE136 /* LaunchScreen.storyboard */,
				A50348E321693E8F005BE136 /* Info.plist */,
			);
			path = PrototypeV2;
			sourceTree = "<group>";
		};
		A50348E921697740005BE136 /* View */ = {
			isa = PBXGroup;
			children = (
				A50348EA21697779005BE136 /* ContainerView.swift */,
			);
			path = View;
			sourceTree = "<group>";
		};
		A534C0A0216DCF6300FD56D4 /* Fonts */ = {
			isa = PBXGroup;
			children = (
				A534C0A6216DCFE800FD56D4 /* OpenSans-Bold.ttf */,
				A534C0A7216DCFE800FD56D4 /* OpenSans-Regular.ttf */,
				A534C0A5216DCFE700FD56D4 /* OpenSans-Semibold.ttf */,
				A534C0A1216DCF7100FD56D4 /* Montserrat-Bold.ttf */,
				A534C0A2216DCF7100FD56D4 /* Montserrat-Regular.ttf */,
			);
			path = Fonts;
			sourceTree = "<group>";
		};
		A56337B4216B77230081D561 /* Helper */ = {
			isa = PBXGroup;
			children = (
				A56337B5216B775D0081D561 /* Extensions.swift */,
			);
			path = Helper;
			sourceTree = "<group>";
		};
/* End PBXGroup section */

/* Begin PBXNativeTarget section */
		A50348D321693E8E005BE136 /* PrototypeV2 */ = {
			isa = PBXNativeTarget;
			buildConfigurationList = A50348E621693E8F005BE136 /* Build configuration list for PBXNativeTarget "PrototypeV2" */;
			buildPhases = (
				A50348D021693E8E005BE136 /* Sources */,
				A50348D121693E8E005BE136 /* Frameworks */,
				A50348D221693E8E005BE136 /* Resources */,
			);
			buildRules = (
			);
			dependencies = (
			);
			name = PrototypeV2;
			productName = PrototypeV2;
			productReference = A50348D421693E8E005BE136 /* PrototypeV2.app */;
			productType = "com.apple.product-type.application";
		};
/* End PBXNativeTarget section */

/* Begin PBXProject section */
		A50348CC21693E8E005BE136 /* Project object */ = {
			isa = PBXProject;
			attributes = {
				LastSwiftUpdateCheck = 0920;
				LastUpgradeCheck = 0920;
				ORGANIZATIONNAME = "Mandeep Sarangal";
				TargetAttributes = {
					A50348D321693E8E005BE136 = {
						CreatedOnToolsVersion = 9.2;
						ProvisioningStyle = Automatic;
					};
				};
			};
			buildConfigurationList = A50348CF21693E8E005BE136 /* Build configuration list for PBXProject "PrototypeV2" */;
			compatibilityVersion = "Xcode 8.0";
			developmentRegion = en;
			hasScannedForEncodings = 0;
			knownRegions = (
				en,
				Base,
			);
			mainGroup = A50348CB21693E8E005BE136;
			productRefGroup = A50348D521693E8E005BE136 /* Products */;
			projectDirPath = "";
			projectRoot = "";
			targets = (
				A50348D321693E8E005BE136 /* PrototypeV2 */,
			);
		};
/* End PBXProject section */

/* Begin PBXResourcesBuildPhase section */
		A50348D221693E8E005BE136 /* Resources */ = {
			isa = PBXResourcesBuildPhase;
			buildActionMask = 2147483647;
			files = (
				A534C0A8216DCFE800FD56D4 /* OpenSans-Semibold.ttf in Resources */,
				A534C0A9216DCFE800FD56D4 /* OpenSans-Bold.ttf in Resources */,
				A534C0A3216DCF7100FD56D4 /* Montserrat-Bold.ttf in Resources */,
				A50348E221693E8F005BE136 /* LaunchScreen.storyboard in Resources */,
				A50348DF21693E8F005BE136 /* Assets.xcassets in Resources */,
				A534C0A4216DCF7100FD56D4 /* Montserrat-Regular.ttf in Resources */,
				A534C0AA216DCFE800FD56D4 /* OpenSans-Regular.ttf in Resources */,
				A50348DD21693E8F005BE136 /* Main.storyboard in Resources */,
			);
			runOnlyForDeploymentPostprocessing = 0;
		};
/* End PBXResourcesBuildPhase section */

/* Begin PBXSourcesBuildPhase section */
		A50348D021693E8E005BE136 /* Sources */ = {
			isa = PBXSourcesBuildPhase;
			buildActionMask = 2147483647;
			files = (
				A50348DA21693E8E005BE136 /* ViewController.swift in Sources */,
				A50348D821693E8E005BE136 /* AppDelegate.swift in Sources */,
				A50348EB21697779005BE136 /* ContainerView.swift in Sources */,
				A56337B6216B775D0081D561 /* Extensions.swift in Sources */,
			);
			runOnlyForDeploymentPostprocessing = 0;
		};
/* End PBXSourcesBuildPhase section */

/* Begin PBXVariantGroup section */
		A50348DB21693E8F005BE136 /* Main.storyboard */ = {
			isa = PBXVariantGroup;
			children = (
				A50348DC21693E8F005BE136 /* Base */,
			);
			name = Main.storyboard;
			sourceTree = "<group>";
		};
		A50348E021693E8F005BE136 /* LaunchScreen.storyboard */ = {
			isa = PBXVariantGroup;
			children = (
				A50348E121693E8F005BE136 /* Base */,
			);
			name = LaunchScreen.storyboard;
			sourceTree = "<group>";
		};
/* End PBXVariantGroup section */

/* Begin XCBuildConfiguration section */
		A50348E421693E8F005BE136 /* Debug */ = {
			isa = XCBuildConfiguration;
			buildSettings = {
				ALWAYS_SEARCH_USER_PATHS = NO;
				CLANG_ANALYZER_NONNULL = YES;
				CLANG_ANALYZER_NUMBER_OBJECT_CONVERSION = YES_AGGRESSIVE;
				CLANG_CXX_LANGUAGE_STANDARD = "gnu++14";
				CLANG_CXX_LIBRARY = "libc++";
				CLANG_ENABLE_MODULES = YES;
				CLANG_ENABLE_OBJC_ARC = YES;
				CLANG_WARN_BLOCK_CAPTURE_AUTORELEASING = YES;
				CLANG_WARN_BOOL_CONVERSION = YES;
				CLANG_WARN_COMMA = YES;
				CLANG_WARN_CONSTANT_CONVERSION = YES;
				CLANG_WARN_DIRECT_OBJC_ISA_USAGE = YES_ERROR;
				CLANG_WARN_DOCUMENTATION_COMMENTS = YES;
				CLANG_WARN_EMPTY_BODY = YES;
				CLANG_WARN_ENUM_CONVERSION = YES;
				CLANG_WARN_INFINITE_RECURSION = YES;
				CLANG_WARN_INT_CONVERSION = YES;
				CLANG_WARN_NON_LITERAL_NULL_CONVERSION = YES;
				CLANG_WARN_OBJC_LITERAL_CONVERSION = YES;
				CLANG_WARN_OBJC_ROOT_CLASS = YES_ERROR;
				CLANG_WARN_RANGE_LOOP_ANALYSIS = YES;
				CLANG_WARN_STRICT_PROTOTYPES = YES;
				CLANG_WARN_SUSPICIOUS_MOVE = YES;
				CLANG_WARN_UNGUARDED_AVAILABILITY = YES_AGGRESSIVE;
				CLANG_WARN_UNREACHABLE_CODE = YES;
				CLANG_WARN__DUPLICATE_METHOD_MATCH = YES;
				CODE_SIGN_IDENTITY = "iPhone Developer";
				COPY_PHASE_STRIP = NO;
				DEBUG_INFORMATION_FORMAT = dwarf;
				ENABLE_STRICT_OBJC_MSGSEND = YES;
				ENABLE_TESTABILITY = YES;
				GCC_C_LANGUAGE_STANDARD = gnu11;
				GCC_DYNAMIC_NO_PIC = NO;
				GCC_NO_COMMON_BLOCKS = YES;
				GCC_OPTIMIZATION_LEVEL = 0;
				GCC_PREPROCESSOR_DEFINITIONS = (
					"DEBUG=1",
					"$(inherited)",
				);
				GCC_WARN_64_TO_32_BIT_CONVERSION = YES;
				GCC_WARN_ABOUT_RETURN_TYPE = YES_ERROR;
				GCC_WARN_UNDECLARED_SELECTOR = YES;
				GCC_WARN_UNINITIALIZED_AUTOS = YES_AGGRESSIVE;
				GCC_WARN_UNUSED_FUNCTION = YES;
				GCC_WARN_UNUSED_VARIABLE = YES;
				IPHONEOS_DEPLOYMENT_TARGET = 11.2;
				MTL_ENABLE_DEBUG_INFO = YES;
				ONLY_ACTIVE_ARCH = YES;
				SDKROOT = iphoneos;
				SWIFT_ACTIVE_COMPILATION_CONDITIONS = DEBUG;
				SWIFT_OPTIMIZATION_LEVEL = "-Onone";
			};
			name = Debug;
		};
		A50348E521693E8F005BE136 /* Release */ = {
			isa = XCBuildConfiguration;
			buildSettings = {
				ALWAYS_SEARCH_USER_PATHS = NO;
				CLANG_ANALYZER_NONNULL = YES;
				CLANG_ANALYZER_NUMBER_OBJECT_CONVERSION = YES_AGGRESSIVE;
				CLANG_CXX_LANGUAGE_STANDARD = "gnu++14";
				CLANG_CXX_LIBRARY = "libc++";
				CLANG_ENABLE_MODULES = YES;
				CLANG_ENABLE_OBJC_ARC = YES;
				CLANG_WARN_BLOCK_CAPTURE_AUTORELEASING = YES;
				CLANG_WARN_BOOL_CONVERSION = YES;
				CLANG_WARN_COMMA = YES;
				CLANG_WARN_CONSTANT_CONVERSION = YES;
				CLANG_WARN_DIRECT_OBJC_ISA_USAGE = YES_ERROR;
				CLANG_WARN_DOCUMENTATION_COMMENTS = YES;
				CLANG_WARN_EMPTY_BODY = YES;
				CLANG_WARN_ENUM_CONVERSION = YES;
				CLANG_WARN_INFINITE_RECURSION = YES;
				CLANG_WARN_INT_CONVERSION = YES;
				CLANG_WARN_NON_LITERAL_NULL_CONVERSION = YES;
				CLANG_WARN_OBJC_LITERAL_CONVERSION = YES;
				CLANG_WARN_OBJC_ROOT_CLASS = YES_ERROR;
				CLANG_WARN_RANGE_LOOP_ANALYSIS = YES;
				CLANG_WARN_STRICT_PROTOTYPES = YES;
				CLANG_WARN_SUSPICIOUS_MOVE = YES;
				CLANG_WARN_UNGUARDED_AVAILABILITY = YES_AGGRESSIVE;
				CLANG_WARN_UNREACHABLE_CODE = YES;
				CLANG_WARN__DUPLICATE_METHOD_MATCH = YES;
				CODE_SIGN_IDENTITY = "iPhone Developer";
				COPY_PHASE_STRIP = NO;
				DEBUG_INFORMATION_FORMAT = "dwarf-with-dsym";
				ENABLE_NS_ASSERTIONS = NO;
				ENABLE_STRICT_OBJC_MSGSEND = YES;
				GCC_C_LANGUAGE_STANDARD = gnu11;
				GCC_NO_COMMON_BLOCKS = YES;
				GCC_WARN_64_TO_32_BIT_CONVERSION = YES;
				GCC_WARN_ABOUT_RETURN_TYPE = YES_ERROR;
				GCC_WARN_UNDECLARED_SELECTOR = YES;
				GCC_WARN_UNINITIALIZED_AUTOS = YES_AGGRESSIVE;
				GCC_WARN_UNUSED_FUNCTION = YES;
				GCC_WARN_UNUSED_VARIABLE = YES;
				IPHONEOS_DEPLOYMENT_TARGET = 11.2;
				MTL_ENABLE_DEBUG_INFO = NO;
				SDKROOT = iphoneos;
				SWIFT_OPTIMIZATION_LEVEL = "-Owholemodule";
				VALIDATE_PRODUCT = YES;
			};
			name = Release;
		};
		A50348E721693E8F005BE136 /* Debug */ = {
			isa = XCBuildConfiguration;
			buildSettings = {
				ASSETCATALOG_COMPILER_APPICON_NAME = AppIcon;
				CODE_SIGN_STYLE = Automatic;
				DEVELOPMENT_TEAM = P4MDU98344;
				INFOPLIST_FILE = PrototypeV2/Info.plist;
				LD_RUNPATH_SEARCH_PATHS = "$(inherited) @executable_path/Frameworks";
				PRODUCT_BUNDLE_IDENTIFIER = mandeep.sarangal.ios.PrototypeV2;
				PRODUCT_NAME = "$(TARGET_NAME)";
				SWIFT_VERSION = 4.0;
				TARGETED_DEVICE_FAMILY = "1,2";
			};
			name = Debug;
		};
		A50348E821693E8F005BE136 /* Release */ = {
			isa = XCBuildConfiguration;
			buildSettings = {
				ASSETCATALOG_COMPILER_APPICON_NAME = AppIcon;
				CODE_SIGN_STYLE = Automatic;
				DEVELOPMENT_TEAM = P4MDU98344;
				INFOPLIST_FILE = PrototypeV2/Info.plist;
				LD_RUNPATH_SEARCH_PATHS = "$(inherited) @executable_path/Frameworks";
				PRODUCT_BUNDLE_IDENTIFIER = mandeep.sarangal.ios.PrototypeV2;
				PRODUCT_NAME = "$(TARGET_NAME)";
				SWIFT_VERSION = 4.0;
				TARGETED_DEVICE_FAMILY = "1,2";
			};
			name = Release;
		};
/* End XCBuildConfiguration section */

/* Begin XCConfigurationList section */
		A50348CF21693E8E005BE136 /* Build configuration list for PBXProject "PrototypeV2" */ = {
			isa = XCConfigurationList;
			buildConfigurations = (
				A50348E421693E8F005BE136 /* Debug */,
				A50348E521693E8F005BE136 /* Release */,
			);
			defaultConfigurationIsVisible = 0;
			defaultConfigurationName = Release;
		};
		A50348E621693E8F005BE136 /* Build configuration list for PBXNativeTarget "PrototypeV2" */ = {
			isa = XCConfigurationList;
			buildConfigurations = (
				A50348E721693E8F005BE136 /* Debug */,
				A50348E821693E8F005BE136 /* Release */,
			);
			defaultConfigurationIsVisible = 0;
			defaultConfigurationName = Release;
		};
/* End XCConfigurationList section */
	};
	rootObject = A50348CC21693E8E005BE136 /* Project object */;
}
